
Microsoft Visual Studio Solution File, Format Version 12.00
# Visual Studio Version 17
VisualStudioVersion = 17.8.34408.163
MinimumVisualStudioVersion = 10.0.40219.1
Project("{9A19103F-16F7-4668-BE54-9A1E7A4F7556}") = "TheBookshelf", "TheBookshelf\TheBookshelf.csproj", "{5AEA741A-8C49-4300-B95B-9E75F44FDC11}"
EndProject
Project("{9A19103F-16F7-4668-BE54-9A1E7A4F7556}") = "Interfaces", "Interfaces\Interfaces.csproj", "{6E1C3CA5-59E4-421E-8E31-DDAE9C4DC71E}"
EndProject
Project("{9A19103F-16F7-4668-BE54-9A1E7A4F7556}") = "LoggerService", "LoggerService\LoggerService.csproj", "{0F8B95F4-120D-4023-9E64-7295532B1149}"
EndProject
Project("{9A19103F-16F7-4668-BE54-9A1E7A4F7556}") = "Entities", "Entities\Entities.csproj", "{AD701D03-724E-498D-A79C-8D750699F61B}"
EndProject
Project("{9A19103F-16F7-4668-BE54-9A1E7A4F7556}") = "Repository", "Repository\Repository.csproj", "{CFA4CC3C-A53A-4296-A174-96AFA0047199}"
EndProject
Project("{9A19103F-16F7-4668-BE54-9A1E7A4F7556}") = "Service.Interfaces", "Service.Interfaces\Service.Interfaces.csproj", "{9CD28CF7-1D0C-4C00-834E-CA385C051617}"
EndProject
Project("{9A19103F-16F7-4668-BE54-9A1E7A4F7556}") = "Service", "Service\Service.csproj", "{523BB5C8-44FD-4370-AE99-9F6E3CD7A058}"
EndProject
Project("{9A19103F-16F7-4668-BE54-9A1E7A4F7556}") = "TheBookshelf.Presentation", "TheBookshelf.Presentation\TheBookshelf.Presentation.csproj", "{75F6D2AC-43E2-48AA-A678-05AD9D7B860E}"
EndProject
Project("{FAE04EC0-301F-11D3-BF4B-00C04F79EFBC}") = "Shared", "Shared\Shared.csproj", "{9F76F4F2-1662-46BD-BEA8-9D25D04D2479}"
EndProject
Global
	GlobalSection(SolutionConfigurationPlatforms) = preSolution
		Debug|Any CPU = Debug|Any CPU
		Release|Any CPU = Release|Any CPU
	EndGlobalSection
	GlobalSection(ProjectConfigurationPlatforms) = postSolution
		{5AEA741A-8C49-4300-B95B-9E75F44FDC11}.Debug|Any CPU.ActiveCfg = Debug|Any CPU
		{5AEA741A-8C49-4300-B95B-9E75F44FDC11}.Debug|Any CPU.Build.0 = Debug|Any CPU
		{5AEA741A-8C49-4300-B95B-9E75F44FDC11}.Release|Any CPU.ActiveCfg = Release|Any CPU
		{5AEA741A-8C49-4300-B95B-9E75F44FDC11}.Release|Any CPU.Build.0 = Release|Any CPU
		{6E1C3CA5-59E4-421E-8E31-DDAE9C4DC71E}.Debug|Any CPU.ActiveCfg = Debug|Any CPU
		{6E1C3CA5-59E4-421E-8E31-DDAE9C4DC71E}.Debug|Any CPU.Build.0 = Debug|Any CPU
		{6E1C3CA5-59E4-421E-8E31-DDAE9C4DC71E}.Release|Any CPU.ActiveCfg = Release|Any CPU
		{6E1C3CA5-59E4-421E-8E31-DDAE9C4DC71E}.Release|Any CPU.Build.0 = Release|Any CPU
		{0F8B95F4-120D-4023-9E64-7295532B1149}.Debug|Any CPU.ActiveCfg = Debug|Any CPU
		{0F8B95F4-120D-4023-9E64-7295532B1149}.Debug|Any CPU.Build.0 = Debug|Any CPU
		{0F8B95F4-120D-4023-9E64-7295532B1149}.Release|Any CPU.ActiveCfg = Release|Any CPU
		{0F8B95F4-120D-4023-9E64-7295532B1149}.Release|Any CPU.Build.0 = Release|Any CPU
		{AD701D03-724E-498D-A79C-8D750699F61B}.Debug|Any CPU.ActiveCfg = Debug|Any CPU
		{AD701D03-724E-498D-A79C-8D750699F61B}.Debug|Any CPU.Build.0 = Debug|Any CPU
		{AD701D03-724E-498D-A79C-8D750699F61B}.Release|Any CPU.ActiveCfg = Release|Any CPU
		{AD701D03-724E-498D-A79C-8D750699F61B}.Release|Any CPU.Build.0 = Release|Any CPU
		{CFA4CC3C-A53A-4296-A174-96AFA0047199}.Debug|Any CPU.ActiveCfg = Debug|Any CPU
		{CFA4CC3C-A53A-4296-A174-96AFA0047199}.Debug|Any CPU.Build.0 = Debug|Any CPU
		{CFA4CC3C-A53A-4296-A174-96AFA0047199}.Release|Any CPU.ActiveCfg = Release|Any CPU
		{CFA4CC3C-A53A-4296-A174-96AFA0047199}.Release|Any CPU.Build.0 = Release|Any CPU
		{9CD28CF7-1D0C-4C00-834E-CA385C051617}.Debug|Any CPU.ActiveCfg = Debug|Any CPU
		{9CD28CF7-1D0C-4C00-834E-CA385C051617}.Debug|Any CPU.Build.0 = Debug|Any CPU
		{9CD28CF7-1D0C-4C00-834E-CA385C051617}.Release|Any CPU.ActiveCfg = Release|Any CPU
		{9CD28CF7-1D0C-4C00-834E-CA385C051617}.Release|Any CPU.Build.0 = Release|Any CPU
		{523BB5C8-44FD-4370-AE99-9F6E3CD7A058}.Debug|Any CPU.ActiveCfg = Debug|Any CPU
		{523BB5C8-44FD-4370-AE99-9F6E3CD7A058}.Debug|Any CPU.Build.0 = Debug|Any CPU
		{523BB5C8-44FD-4370-AE99-9F6E3CD7A058}.Release|Any CPU.ActiveCfg = Release|Any CPU
		{523BB5C8-44FD-4370-AE99-9F6E3CD7A058}.Release|Any CPU.Build.0 = Release|Any CPU
		{75F6D2AC-43E2-48AA-A678-05AD9D7B860E}.Debug|Any CPU.ActiveCfg = Debug|Any CPU
		{75F6D2AC-43E2-48AA-A678-05AD9D7B860E}.Debug|Any CPU.Build.0 = Debug|Any CPU
		{75F6D2AC-43E2-48AA-A678-05AD9D7B860E}.Release|Any CPU.ActiveCfg = Release|Any CPU
		{75F6D2AC-43E2-48AA-A678-05AD9D7B860E}.Release|Any CPU.Build.0 = Release|Any CPU
		{9F76F4F2-1662-46BD-BEA8-9D25D04D2479}.Debug|Any CPU.ActiveCfg = Debug|Any CPU
		{9F76F4F2-1662-46BD-BEA8-9D25D04D2479}.Debug|Any CPU.Build.0 = Debug|Any CPU
		{9F76F4F2-1662-46BD-BEA8-9D25D04D2479}.Release|Any CPU.ActiveCfg = Release|Any CPU
		{9F76F4F2-1662-46BD-BEA8-9D25D04D2479}.Release|Any CPU.Build.0 = Release|Any CPU
	EndGlobalSection
	GlobalSection(SolutionProperties) = preSolution
		HideSolutionNode = FALSE
	EndGlobalSection
	GlobalSection(ExtensibilityGlobals) = postSolution
		SolutionGuid = {616CF77D-7E48-4F27-8F4D-5836D9879E77}
	EndGlobalSection
EndGlobal
